{
  "name": "QiYuDemo",
  "version": "0.0.1",
  "lockfileVersion": 1,
  "requires": true,
  "dependencies": {
    "react-native-qiyu": {
      "version": "2.8.1",
      "resolved": "https://registry.npmjs.org/react-native-qiyu/-/react-native-qiyu-2.8.1.tgz",
      "integrity": "sha1-qhMNZ/5lM7CsQ4XasCbUpUSBwfM="
    }
  }
}
